
Microsoft Visual Studio Solution File, Format Version 12.00
# Visual Studio 15
VisualStudioVersion = 15.0.26228.4
MinimumVisualStudioVersion = 10.0.40219.1
Project("{FAE04EC0-301F-11D3-BF4B-00C04F79EFBC}") = "Direct3DGame", "Direct3DGame\Direct3DGame.csproj", "{2F0C4AFA-FEFA-4D37-B824-0426CEB32DBA}"
	ProjectSection(ProjectDependencies) = postProject
		{499B39C0-BE39-4AE8-9897-9D74B3832666} = {499B39C0-BE39-4AE8-9897-9D74B3832666}
	EndProjectSection
EndProject
Project("{FAE04EC0-301F-11D3-BF4B-00C04F79EFBC}") = "Wizards", "Wizards\Wizards.csproj", "{499B39C0-BE39-4AE8-9897-9D74B3832666}"
EndProject
Global
	GlobalSection(SolutionConfigurationPlatforms) = preSolution
		Debug|Any CPU = Debug|Any CPU
		Debug|x86 = Debug|x86
		Release|Any CPU = Release|Any CPU
		Release|x86 = Release|x86
	EndGlobalSection
	GlobalSection(ProjectConfigurationPlatforms) = postSolution
		{2F0C4AFA-FEFA-4D37-B824-0426CEB32DBA}.Debug|Any CPU.ActiveCfg = Debug|Any CPU
		{2F0C4AFA-FEFA-4D37-B824-0426CEB32DBA}.Debug|Any CPU.Build.0 = Debug|Any CPU
		{2F0C4AFA-FEFA-4D37-B824-0426CEB32DBA}.Debug|x86.ActiveCfg = Debug|Any CPU
		{2F0C4AFA-FEFA-4D37-B824-0426CEB32DBA}.Release|Any CPU.ActiveCfg = Release|Any CPU
		{2F0C4AFA-FEFA-4D37-B824-0426CEB32DBA}.Release|Any CPU.Build.0 = Release|Any CPU
		{2F0C4AFA-FEFA-4D37-B824-0426CEB32DBA}.Release|x86.ActiveCfg = Release|Any CPU
		{499B39C0-BE39-4AE8-9897-9D74B3832666}.Debug|Any CPU.ActiveCfg = Debug|Any CPU
		{499B39C0-BE39-4AE8-9897-9D74B3832666}.Debug|Any CPU.Build.0 = Debug|Any CPU
		{499B39C0-BE39-4AE8-9897-9D74B3832666}.Debug|x86.ActiveCfg = Debug|Any CPU
		{499B39C0-BE39-4AE8-9897-9D74B3832666}.Debug|x86.Build.0 = Debug|Any CPU
		{499B39C0-BE39-4AE8-9897-9D74B3832666}.Release|Any CPU.ActiveCfg = Release|Any CPU
		{499B39C0-BE39-4AE8-9897-9D74B3832666}.Release|Any CPU.Build.0 = Release|Any CPU
		{499B39C0-BE39-4AE8-9897-9D74B3832666}.Release|x86.ActiveCfg = Release|Any CPU
		{499B39C0-BE39-4AE8-9897-9D74B3832666}.Release|x86.Build.0 = Release|Any CPU
	EndGlobalSection
	GlobalSection(SolutionProperties) = preSolution
		HideSolutionNode = FALSE
	EndGlobalSection
EndGlobal
